
Microsoft Visual Studio Solution File, Format Version 12.00
# Visual Studio Version 17
VisualStudioVersion = 17.14.36203.30 d17.14
MinimumVisualStudioVersion = 10.0.40219.1
Project("{888888A0-9F3D-457C-B088-3A5042F75D52}") = "Practice", "Practice\Practice.pyproj", "{C622A6D2-92DD-4B21-82BB-B9AC79486656}"
EndProject
Global
	GlobalSection(SolutionConfigurationPlatforms) = preSolution
		Debug|Any CPU = Debug|Any CPU
		Release|Any CPU = Release|Any CPU
	EndGlobalSection
	GlobalSection(ProjectConfigurationPlatforms) = postSolution
		{C622A6D2-92DD-4B21-82BB-B9AC79486656}.Debug|Any CPU.ActiveCfg = Debug|Any CPU
		{C622A6D2-92DD-4B21-82BB-B9AC79486656}.Release|Any CPU.ActiveCfg = Release|Any CPU
	EndGlobalSection
	GlobalSection(SolutionProperties) = preSolution
		HideSolutionNode = FALSE
	EndGlobalSection
	GlobalSection(ExtensibilityGlobals) = postSolution
		SolutionGuid = {DD729289-18D3-4DEA-92C4-1F7644CB7860}
	EndGlobalSection
EndGlobal
