
Microsoft Visual Studio Solution File, Format Version 12.00
# Visual Studio Version 17
VisualStudioVersion = 17.14.36203.30 d17.14
MinimumVisualStudioVersion = 10.0.40219.1
Project("{888888A0-9F3D-457C-B088-3A5042F75D52}") = "Block Game", "Block Game\Block Game.pyproj", "{C81698E7-0192-4E5F-89A4-C33FA8FCFCCB}"
EndProject
Global
	GlobalSection(SolutionConfigurationPlatforms) = preSolution
		Debug|Any CPU = Debug|Any CPU
		Release|Any CPU = Release|Any CPU
	EndGlobalSection
	GlobalSection(ProjectConfigurationPlatforms) = postSolution
		{C81698E7-0192-4E5F-89A4-C33FA8FCFCCB}.Debug|Any CPU.ActiveCfg = Debug|Any CPU
		{C81698E7-0192-4E5F-89A4-C33FA8FCFCCB}.Release|Any CPU.ActiveCfg = Release|Any CPU
	EndGlobalSection
	GlobalSection(SolutionProperties) = preSolution
		HideSolutionNode = FALSE
	EndGlobalSection
	GlobalSection(ExtensibilityGlobals) = postSolution
		SolutionGuid = {4AAC2CCD-BD88-4AD1-A69D-8E08C7C9C701}
	EndGlobalSection
EndGlobal
